
Microsoft Visual Studio Solution File, Format Version 12.00
# Visual Studio 15
VisualStudioVersion = 15.0.27130.2003
MinimumVisualStudioVersion = 10.0.40219.1
Project("{FAE04EC0-301F-11D3-BF4B-00C04F79EFBC}") = "KOD-1", "KOD-1\KOD-1.csproj", "{A08E0483-B08A-4C7A-B5AC-C3945BE2CFF2}"
EndProject
Project("{FAE04EC0-301F-11D3-BF4B-00C04F79EFBC}") = "Logic", "Logic\Logic.csproj", "{3523AD10-34CC-4FDC-B19B-47C31135059D}"
EndProject
Global
	GlobalSection(SolutionConfigurationPlatforms) = preSolution
		Debug|Any CPU = Debug|Any CPU
		Release|Any CPU = Release|Any CPU
	EndGlobalSection
	GlobalSection(ProjectConfigurationPlatforms) = postSolution
		{A08E0483-B08A-4C7A-B5AC-C3945BE2CFF2}.Debug|Any CPU.ActiveCfg = Debug|Any CPU
		{A08E0483-B08A-4C7A-B5AC-C3945BE2CFF2}.Debug|Any CPU.Build.0 = Debug|Any CPU
		{A08E0483-B08A-4C7A-B5AC-C3945BE2CFF2}.Release|Any CPU.ActiveCfg = Release|Any CPU
		{A08E0483-B08A-4C7A-B5AC-C3945BE2CFF2}.Release|Any CPU.Build.0 = Release|Any CPU
		{3523AD10-34CC-4FDC-B19B-47C31135059D}.Debug|Any CPU.ActiveCfg = Debug|Any CPU
		{3523AD10-34CC-4FDC-B19B-47C31135059D}.Debug|Any CPU.Build.0 = Debug|Any CPU
		{3523AD10-34CC-4FDC-B19B-47C31135059D}.Release|Any CPU.ActiveCfg = Release|Any CPU
		{3523AD10-34CC-4FDC-B19B-47C31135059D}.Release|Any CPU.Build.0 = Release|Any CPU
	EndGlobalSection
	GlobalSection(SolutionProperties) = preSolution
		HideSolutionNode = FALSE
	EndGlobalSection
	GlobalSection(ExtensibilityGlobals) = postSolution
		SolutionGuid = {0DB46D97-44FD-49E8-832F-545C4628582C}
	EndGlobalSection
EndGlobal
